
Microsoft Visual Studio Solution File, Format Version 12.00
# Visual Studio 15
VisualStudioVersion = 15.0.26430.4
MinimumVisualStudioVersion = 10.0.40219.1
Project("{9092AA53-FB77-4645-B42D-1CCCA6BD08BD}") = "poker-online", "poker-online\poker-online.njsproj", "{987B61D6-F5A7-483F-AF00-56C3CD20E29C}"
EndProject
Global
	GlobalSection(SolutionConfigurationPlatforms) = preSolution
		Debug|Any CPU = Debug|Any CPU
		Release|Any CPU = Release|Any CPU
	EndGlobalSection
	GlobalSection(ProjectConfigurationPlatforms) = postSolution
		{987B61D6-F5A7-483F-AF00-56C3CD20E29C}.Debug|Any CPU.ActiveCfg = Debug|Any CPU
		{987B61D6-F5A7-483F-AF00-56C3CD20E29C}.Debug|Any CPU.Build.0 = Debug|Any CPU
		{987B61D6-F5A7-483F-AF00-56C3CD20E29C}.Release|Any CPU.ActiveCfg = Release|Any CPU
		{987B61D6-F5A7-483F-AF00-56C3CD20E29C}.Release|Any CPU.Build.0 = Release|Any CPU
	EndGlobalSection
	GlobalSection(SolutionProperties) = preSolution
		HideSolutionNode = FALSE
	EndGlobalSection
EndGlobal
